
Microsoft Visual Studio Solution File, Format Version 12.00
# Visual Studio Version 17
VisualStudioVersion = 17.1.32319.34
MinimumVisualStudioVersion = 10.0.40219.1
Project("{FAE04EC0-301F-11D3-BF4B-00C04F79EFBC}") = "Lesson 1", "Lesson 1\Lesson 1.csproj", "{EC141FE7-4DAD-4333-947A-A2CCD0EF2D6B}"
EndProject
Project("{FAE04EC0-301F-11D3-BF4B-00C04F79EFBC}") = "Lesson 2", "Lesson 2\Lesson 2.csproj", "{F50F6619-D52B-435B-94F1-AAD7CC836963}"
EndProject
Project("{FAE04EC0-301F-11D3-BF4B-00C04F79EFBC}") = "Lesson 3.1", "Lesson 3.1\Lesson 3.1.csproj", "{1382F104-DA89-47C8-A421-A09FE27E3FF8}"
EndProject
Project("{FAE04EC0-301F-11D3-BF4B-00C04F79EFBC}") = "Lesson 3.2", "Lesson 3.2\Lesson 3.2.csproj", "{EACC4C2A-F87E-4083-8A0B-53CD3256BB31}"
EndProject
Project("{FAE04EC0-301F-11D3-BF4B-00C04F79EFBC}") = "Lesson 3.3", "Lesson 3.3\Lesson 3.3.csproj", "{6D2C4E3E-DD25-4CE0-88BB-F8F0C619095B}"
EndProject
Project("{FAE04EC0-301F-11D3-BF4B-00C04F79EFBC}") = "Lesson 4", "Lesson 4\Lesson 4.csproj", "{EBB216BF-DA7C-4971-8275-607C32F4D179}"
EndProject
Project("{FAE04EC0-301F-11D3-BF4B-00C04F79EFBC}") = "Lesson 4.1", "Lesson 4.1\Lesson 4.1.csproj", "{74978B20-CAC2-4912-BC72-EB3086890EC3}"
EndProject
Project("{FAE04EC0-301F-11D3-BF4B-00C04F79EFBC}") = "Lesson 4.3", "Lesson 4.3\Lesson 4.3.csproj", "{26855469-26DA-4F24-8E70-9C75976C1794}"
EndProject
Project("{FAE04EC0-301F-11D3-BF4B-00C04F79EFBC}") = "Lesson 5", "Lesson 5\Lesson 5.csproj", "{B0139C7F-F19B-4C20-A051-F4A629608815}"
EndProject
Project("{FAE04EC0-301F-11D3-BF4B-00C04F79EFBC}") = "Lesson 5.1", "Lesson 5.1\Lesson 5.1.csproj", "{22116110-88AB-4DD5-B9D8-3169F5612C7E}"
EndProject
Project("{FAE04EC0-301F-11D3-BF4B-00C04F79EFBC}") = "Lesson 5.2", "Lesson 5.2\Lesson 5.2.csproj", "{04B36FE1-CB30-458A-BA2B-98B16376819A}"
EndProject
Project("{FAE04EC0-301F-11D3-BF4B-00C04F79EFBC}") = "Lesson 6", "Lesson 6\Lesson 6.csproj", "{09E43BA3-735F-4E4A-B134-20A90B551285}"
EndProject
Project("{FAE04EC0-301F-11D3-BF4B-00C04F79EFBC}") = "Lesson 6.1", "Lesson 6.1\Lesson 6.1.csproj", "{7E32DCD1-58BC-447B-B058-DCCF09582CB0}"
EndProject
Project("{FAE04EC0-301F-11D3-BF4B-00C04F79EFBC}") = "Lesson 7", "Lesson 7\Lesson 7.csproj", "{4813777E-2551-4A4F-8E10-9F88A39C7373}"
EndProject
Project("{FAE04EC0-301F-11D3-BF4B-00C04F79EFBC}") = "Lesson 7.1", "Lesson 7.1\Lesson 7.1.csproj", "{8FAAFA09-9AAF-4C87-B8D4-4B3BE5CA4954}"
EndProject
Project("{FAE04EC0-301F-11D3-BF4B-00C04F79EFBC}") = "Lesson 7.2", "Lesson 7.2\Lesson 7.2.csproj", "{A386CF52-321F-48CA-A165-43352168E40A}"
EndProject
Project("{FAE04EC0-301F-11D3-BF4B-00C04F79EFBC}") = "Lesson 9", "Lesson 9\Lesson 9.csproj", "{D64C5E6B-98A3-48F8-9D5C-7A6755360BBB}"
EndProject
Project("{FAE04EC0-301F-11D3-BF4B-00C04F79EFBC}") = "Lesson 9.1", "Lesson 9.1\Lesson 9.1.csproj", "{E3BA2849-4DA0-419F-95A4-403F4F09BFAD}"
EndProject
Project("{FAE04EC0-301F-11D3-BF4B-00C04F79EFBC}") = "Lesson 10", "Lesson 10\Lesson 10.csproj", "{1FEF81E2-2E65-4C7C-BFE3-C49EFD594AB2}"
EndProject
Project("{FAE04EC0-301F-11D3-BF4B-00C04F79EFBC}") = "Lesson 10.1", "Lesson 10.1\Lesson 10.1.csproj", "{D905E0EA-FD08-47E8-883C-AB868DA4EFD2}"
EndProject
Project("{FAE04EC0-301F-11D3-BF4B-00C04F79EFBC}") = "Lesson 10.2", "Lesson 10.2\Lesson 10.2.csproj", "{8A59A47D-435B-4866-928D-C235014B7A76}"
EndProject
Project("{FAE04EC0-301F-11D3-BF4B-00C04F79EFBC}") = "Lesson 11", "Lesson 11\Lesson 11.csproj", "{F45F266A-642E-43D6-8498-B0F87CFE4680}"
EndProject
Global
	GlobalSection(SolutionConfigurationPlatforms) = preSolution
		Debug|Any CPU = Debug|Any CPU
		Release|Any CPU = Release|Any CPU
	EndGlobalSection
	GlobalSection(ProjectConfigurationPlatforms) = postSolution
		{EC141FE7-4DAD-4333-947A-A2CCD0EF2D6B}.Debug|Any CPU.ActiveCfg = Debug|Any CPU
		{EC141FE7-4DAD-4333-947A-A2CCD0EF2D6B}.Debug|Any CPU.Build.0 = Debug|Any CPU
		{EC141FE7-4DAD-4333-947A-A2CCD0EF2D6B}.Release|Any CPU.ActiveCfg = Release|Any CPU
		{EC141FE7-4DAD-4333-947A-A2CCD0EF2D6B}.Release|Any CPU.Build.0 = Release|Any CPU
		{F50F6619-D52B-435B-94F1-AAD7CC836963}.Debug|Any CPU.ActiveCfg = Debug|Any CPU
		{F50F6619-D52B-435B-94F1-AAD7CC836963}.Debug|Any CPU.Build.0 = Debug|Any CPU
		{F50F6619-D52B-435B-94F1-AAD7CC836963}.Release|Any CPU.ActiveCfg = Release|Any CPU
		{F50F6619-D52B-435B-94F1-AAD7CC836963}.Release|Any CPU.Build.0 = Release|Any CPU
		{1382F104-DA89-47C8-A421-A09FE27E3FF8}.Debug|Any CPU.ActiveCfg = Debug|Any CPU
		{1382F104-DA89-47C8-A421-A09FE27E3FF8}.Debug|Any CPU.Build.0 = Debug|Any CPU
		{1382F104-DA89-47C8-A421-A09FE27E3FF8}.Release|Any CPU.ActiveCfg = Release|Any CPU
		{1382F104-DA89-47C8-A421-A09FE27E3FF8}.Release|Any CPU.Build.0 = Release|Any CPU
		{EACC4C2A-F87E-4083-8A0B-53CD3256BB31}.Debug|Any CPU.ActiveCfg = Debug|Any CPU
		{EACC4C2A-F87E-4083-8A0B-53CD3256BB31}.Debug|Any CPU.Build.0 = Debug|Any CPU
		{EACC4C2A-F87E-4083-8A0B-53CD3256BB31}.Release|Any CPU.ActiveCfg = Release|Any CPU
		{EACC4C2A-F87E-4083-8A0B-53CD3256BB31}.Release|Any CPU.Build.0 = Release|Any CPU
		{6D2C4E3E-DD25-4CE0-88BB-F8F0C619095B}.Debug|Any CPU.ActiveCfg = Debug|Any CPU
		{6D2C4E3E-DD25-4CE0-88BB-F8F0C619095B}.Debug|Any CPU.Build.0 = Debug|Any CPU
		{6D2C4E3E-DD25-4CE0-88BB-F8F0C619095B}.Release|Any CPU.ActiveCfg = Release|Any CPU
		{6D2C4E3E-DD25-4CE0-88BB-F8F0C619095B}.Release|Any CPU.Build.0 = Release|Any CPU
		{EBB216BF-DA7C-4971-8275-607C32F4D179}.Debug|Any CPU.ActiveCfg = Debug|Any CPU
		{EBB216BF-DA7C-4971-8275-607C32F4D179}.Debug|Any CPU.Build.0 = Debug|Any CPU
		{EBB216BF-DA7C-4971-8275-607C32F4D179}.Release|Any CPU.ActiveCfg = Release|Any CPU
		{EBB216BF-DA7C-4971-8275-607C32F4D179}.Release|Any CPU.Build.0 = Release|Any CPU
		{74978B20-CAC2-4912-BC72-EB3086890EC3}.Debug|Any CPU.ActiveCfg = Debug|Any CPU
		{74978B20-CAC2-4912-BC72-EB3086890EC3}.Debug|Any CPU.Build.0 = Debug|Any CPU
		{74978B20-CAC2-4912-BC72-EB3086890EC3}.Release|Any CPU.ActiveCfg = Release|Any CPU
		{74978B20-CAC2-4912-BC72-EB3086890EC3}.Release|Any CPU.Build.0 = Release|Any CPU
		{26855469-26DA-4F24-8E70-9C75976C1794}.Debug|Any CPU.ActiveCfg = Debug|Any CPU
		{26855469-26DA-4F24-8E70-9C75976C1794}.Debug|Any CPU.Build.0 = Debug|Any CPU
		{26855469-26DA-4F24-8E70-9C75976C1794}.Release|Any CPU.ActiveCfg = Release|Any CPU
		{26855469-26DA-4F24-8E70-9C75976C1794}.Release|Any CPU.Build.0 = Release|Any CPU
		{B0139C7F-F19B-4C20-A051-F4A629608815}.Debug|Any CPU.ActiveCfg = Debug|Any CPU
		{B0139C7F-F19B-4C20-A051-F4A629608815}.Debug|Any CPU.Build.0 = Debug|Any CPU
		{B0139C7F-F19B-4C20-A051-F4A629608815}.Release|Any CPU.ActiveCfg = Release|Any CPU
		{B0139C7F-F19B-4C20-A051-F4A629608815}.Release|Any CPU.Build.0 = Release|Any CPU
		{22116110-88AB-4DD5-B9D8-3169F5612C7E}.Debug|Any CPU.ActiveCfg = Debug|Any CPU
		{22116110-88AB-4DD5-B9D8-3169F5612C7E}.Debug|Any CPU.Build.0 = Debug|Any CPU
		{22116110-88AB-4DD5-B9D8-3169F5612C7E}.Release|Any CPU.ActiveCfg = Release|Any CPU
		{22116110-88AB-4DD5-B9D8-3169F5612C7E}.Release|Any CPU.Build.0 = Release|Any CPU
		{04B36FE1-CB30-458A-BA2B-98B16376819A}.Debug|Any CPU.ActiveCfg = Debug|Any CPU
		{04B36FE1-CB30-458A-BA2B-98B16376819A}.Debug|Any CPU.Build.0 = Debug|Any CPU
		{04B36FE1-CB30-458A-BA2B-98B16376819A}.Release|Any CPU.ActiveCfg = Release|Any CPU
		{04B36FE1-CB30-458A-BA2B-98B16376819A}.Release|Any CPU.Build.0 = Release|Any CPU
		{09E43BA3-735F-4E4A-B134-20A90B551285}.Debug|Any CPU.ActiveCfg = Debug|Any CPU
		{09E43BA3-735F-4E4A-B134-20A90B551285}.Debug|Any CPU.Build.0 = Debug|Any CPU
		{09E43BA3-735F-4E4A-B134-20A90B551285}.Release|Any CPU.ActiveCfg = Release|Any CPU
		{09E43BA3-735F-4E4A-B134-20A90B551285}.Release|Any CPU.Build.0 = Release|Any CPU
		{7E32DCD1-58BC-447B-B058-DCCF09582CB0}.Debug|Any CPU.ActiveCfg = Debug|Any CPU
		{7E32DCD1-58BC-447B-B058-DCCF09582CB0}.Debug|Any CPU.Build.0 = Debug|Any CPU
		{7E32DCD1-58BC-447B-B058-DCCF09582CB0}.Release|Any CPU.ActiveCfg = Release|Any CPU
		{7E32DCD1-58BC-447B-B058-DCCF09582CB0}.Release|Any CPU.Build.0 = Release|Any CPU
		{4813777E-2551-4A4F-8E10-9F88A39C7373}.Debug|Any CPU.ActiveCfg = Debug|Any CPU
		{4813777E-2551-4A4F-8E10-9F88A39C7373}.Debug|Any CPU.Build.0 = Debug|Any CPU
		{4813777E-2551-4A4F-8E10-9F88A39C7373}.Release|Any CPU.ActiveCfg = Release|Any CPU
		{4813777E-2551-4A4F-8E10-9F88A39C7373}.Release|Any CPU.Build.0 = Release|Any CPU
		{8FAAFA09-9AAF-4C87-B8D4-4B3BE5CA4954}.Debug|Any CPU.ActiveCfg = Debug|Any CPU
		{8FAAFA09-9AAF-4C87-B8D4-4B3BE5CA4954}.Debug|Any CPU.Build.0 = Debug|Any CPU
		{8FAAFA09-9AAF-4C87-B8D4-4B3BE5CA4954}.Release|Any CPU.ActiveCfg = Release|Any CPU
		{8FAAFA09-9AAF-4C87-B8D4-4B3BE5CA4954}.Release|Any CPU.Build.0 = Release|Any CPU
		{A386CF52-321F-48CA-A165-43352168E40A}.Debug|Any CPU.ActiveCfg = Debug|Any CPU
		{A386CF52-321F-48CA-A165-43352168E40A}.Debug|Any CPU.Build.0 = Debug|Any CPU
		{A386CF52-321F-48CA-A165-43352168E40A}.Release|Any CPU.ActiveCfg = Release|Any CPU
		{A386CF52-321F-48CA-A165-43352168E40A}.Release|Any CPU.Build.0 = Release|Any CPU
		{D64C5E6B-98A3-48F8-9D5C-7A6755360BBB}.Debug|Any CPU.ActiveCfg = Debug|Any CPU
		{D64C5E6B-98A3-48F8-9D5C-7A6755360BBB}.Debug|Any CPU.Build.0 = Debug|Any CPU
		{D64C5E6B-98A3-48F8-9D5C-7A6755360BBB}.Release|Any CPU.ActiveCfg = Release|Any CPU
		{D64C5E6B-98A3-48F8-9D5C-7A6755360BBB}.Release|Any CPU.Build.0 = Release|Any CPU
		{E3BA2849-4DA0-419F-95A4-403F4F09BFAD}.Debug|Any CPU.ActiveCfg = Debug|Any CPU
		{E3BA2849-4DA0-419F-95A4-403F4F09BFAD}.Debug|Any CPU.Build.0 = Debug|Any CPU
		{E3BA2849-4DA0-419F-95A4-403F4F09BFAD}.Release|Any CPU.ActiveCfg = Release|Any CPU
		{E3BA2849-4DA0-419F-95A4-403F4F09BFAD}.Release|Any CPU.Build.0 = Release|Any CPU
		{1FEF81E2-2E65-4C7C-BFE3-C49EFD594AB2}.Debug|Any CPU.ActiveCfg = Debug|Any CPU
		{1FEF81E2-2E65-4C7C-BFE3-C49EFD594AB2}.Debug|Any CPU.Build.0 = Debug|Any CPU
		{1FEF81E2-2E65-4C7C-BFE3-C49EFD594AB2}.Release|Any CPU.ActiveCfg = Release|Any CPU
		{1FEF81E2-2E65-4C7C-BFE3-C49EFD594AB2}.Release|Any CPU.Build.0 = Release|Any CPU
		{D905E0EA-FD08-47E8-883C-AB868DA4EFD2}.Debug|Any CPU.ActiveCfg = Debug|Any CPU
		{D905E0EA-FD08-47E8-883C-AB868DA4EFD2}.Debug|Any CPU.Build.0 = Debug|Any CPU
		{D905E0EA-FD08-47E8-883C-AB868DA4EFD2}.Release|Any CPU.ActiveCfg = Release|Any CPU
		{D905E0EA-FD08-47E8-883C-AB868DA4EFD2}.Release|Any CPU.Build.0 = Release|Any CPU
		{8A59A47D-435B-4866-928D-C235014B7A76}.Debug|Any CPU.ActiveCfg = Debug|Any CPU
		{8A59A47D-435B-4866-928D-C235014B7A76}.Debug|Any CPU.Build.0 = Debug|Any CPU
		{8A59A47D-435B-4866-928D-C235014B7A76}.Release|Any CPU.ActiveCfg = Release|Any CPU
		{8A59A47D-435B-4866-928D-C235014B7A76}.Release|Any CPU.Build.0 = Release|Any CPU
		{F45F266A-642E-43D6-8498-B0F87CFE4680}.Debug|Any CPU.ActiveCfg = Debug|Any CPU
		{F45F266A-642E-43D6-8498-B0F87CFE4680}.Debug|Any CPU.Build.0 = Debug|Any CPU
		{F45F266A-642E-43D6-8498-B0F87CFE4680}.Release|Any CPU.ActiveCfg = Release|Any CPU
		{F45F266A-642E-43D6-8498-B0F87CFE4680}.Release|Any CPU.Build.0 = Release|Any CPU
	EndGlobalSection
	GlobalSection(SolutionProperties) = preSolution
		HideSolutionNode = FALSE
	EndGlobalSection
	GlobalSection(ExtensibilityGlobals) = postSolution
		SolutionGuid = {52331BBE-B5AE-457A-9826-70E5C29BEDA3}
	EndGlobalSection
EndGlobal
